
Microsoft Visual Studio Solution File, Format Version 12.00
# Visual Studio 15
VisualStudioVersion = 15.0.26430.14
MinimumVisualStudioVersion = 10.0.40219.1
Project("{FAE04EC0-301F-11D3-BF4B-00C04F79EFBC}") = "MEDictionary.Android", "MEDictionary\MEDictionary.Android\MEDictionary.Android.csproj", "{A3C42607-A511-4691-AF10-EFC6F7C7C82F}"
EndProject
Project("{FAE04EC0-301F-11D3-BF4B-00C04F79EFBC}") = "MEDictionary", "MEDictionary\MEDictionary\MEDictionary.csproj", "{D94280C0-C214-4112-B912-E0F540ED6EA0}"
EndProject
Project("{FAE04EC0-301F-11D3-BF4B-00C04F79EFBC}") = "MEDictionary.UWP", "MEDictionary\MEDictionary.UWP\MEDictionary.UWP.csproj", "{BEBB5D06-A7B0-45E9-847A-1DFB092F8FB2}"
EndProject
Project("{FAE04EC0-301F-11D3-BF4B-00C04F79EFBC}") = "MEDictionary.iOS", "MEDictionary\MEDictionary.iOS\MEDictionary.iOS.csproj", "{3CE559FF-4F9C-47A7-A9F0-CFE1AC8B3E0E}"
EndProject
Global
	GlobalSection(SolutionConfigurationPlatforms) = preSolution
		Ad-Hoc|Any CPU = Ad-Hoc|Any CPU
		Ad-Hoc|ARM = Ad-Hoc|ARM
		Ad-Hoc|iPhone = Ad-Hoc|iPhone
		Ad-Hoc|iPhoneSimulator = Ad-Hoc|iPhoneSimulator
		Ad-Hoc|x64 = Ad-Hoc|x64
		Ad-Hoc|x86 = Ad-Hoc|x86
		AppStore|Any CPU = AppStore|Any CPU
		AppStore|ARM = AppStore|ARM
		AppStore|iPhone = AppStore|iPhone
		AppStore|iPhoneSimulator = AppStore|iPhoneSimulator
		AppStore|x64 = AppStore|x64
		AppStore|x86 = AppStore|x86
		Debug|Any CPU = Debug|Any CPU
		Debug|ARM = Debug|ARM
		Debug|iPhone = Debug|iPhone
		Debug|iPhoneSimulator = Debug|iPhoneSimulator
		Debug|x64 = Debug|x64
		Debug|x86 = Debug|x86
		Release|Any CPU = Release|Any CPU
		Release|ARM = Release|ARM
		Release|iPhone = Release|iPhone
		Release|iPhoneSimulator = Release|iPhoneSimulator
		Release|x64 = Release|x64
		Release|x86 = Release|x86
	EndGlobalSection
	GlobalSection(ProjectConfigurationPlatforms) = postSolution
		{A3C42607-A511-4691-AF10-EFC6F7C7C82F}.Ad-Hoc|Any CPU.ActiveCfg = Release|Any CPU
		{A3C42607-A511-4691-AF10-EFC6F7C7C82F}.Ad-Hoc|Any CPU.Build.0 = Release|Any CPU
		{A3C42607-A511-4691-AF10-EFC6F7C7C82F}.Ad-Hoc|Any CPU.Deploy.0 = Release|Any CPU
		{A3C42607-A511-4691-AF10-EFC6F7C7C82F}.Ad-Hoc|ARM.ActiveCfg = Release|Any CPU
		{A3C42607-A511-4691-AF10-EFC6F7C7C82F}.Ad-Hoc|ARM.Build.0 = Release|Any CPU
		{A3C42607-A511-4691-AF10-EFC6F7C7C82F}.Ad-Hoc|ARM.Deploy.0 = Release|Any CPU
		{A3C42607-A511-4691-AF10-EFC6F7C7C82F}.Ad-Hoc|iPhone.ActiveCfg = Release|Any CPU
		{A3C42607-A511-4691-AF10-EFC6F7C7C82F}.Ad-Hoc|iPhone.Build.0 = Release|Any CPU
		{A3C42607-A511-4691-AF10-EFC6F7C7C82F}.Ad-Hoc|iPhone.Deploy.0 = Release|Any CPU
		{A3C42607-A511-4691-AF10-EFC6F7C7C82F}.Ad-Hoc|iPhoneSimulator.ActiveCfg = Release|Any CPU
		{A3C42607-A511-4691-AF10-EFC6F7C7C82F}.Ad-Hoc|iPhoneSimulator.Build.0 = Release|Any CPU
		{A3C42607-A511-4691-AF10-EFC6F7C7C82F}.Ad-Hoc|iPhoneSimulator.Deploy.0 = Release|Any CPU
		{A3C42607-A511-4691-AF10-EFC6F7C7C82F}.Ad-Hoc|x64.ActiveCfg = Release|Any CPU
		{A3C42607-A511-4691-AF10-EFC6F7C7C82F}.Ad-Hoc|x64.Build.0 = Release|Any CPU
		{A3C42607-A511-4691-AF10-EFC6F7C7C82F}.Ad-Hoc|x64.Deploy.0 = Release|Any CPU
		{A3C42607-A511-4691-AF10-EFC6F7C7C82F}.Ad-Hoc|x86.ActiveCfg = Release|Any CPU
		{A3C42607-A511-4691-AF10-EFC6F7C7C82F}.Ad-Hoc|x86.Build.0 = Release|Any CPU
		{A3C42607-A511-4691-AF10-EFC6F7C7C82F}.Ad-Hoc|x86.Deploy.0 = Release|Any CPU
		{A3C42607-A511-4691-AF10-EFC6F7C7C82F}.AppStore|Any CPU.ActiveCfg = Release|Any CPU
		{A3C42607-A511-4691-AF10-EFC6F7C7C82F}.AppStore|Any CPU.Build.0 = Release|Any CPU
		{A3C42607-A511-4691-AF10-EFC6F7C7C82F}.AppStore|Any CPU.Deploy.0 = Release|Any CPU
		{A3C42607-A511-4691-AF10-EFC6F7C7C82F}.AppStore|ARM.ActiveCfg = Release|Any CPU
		{A3C42607-A511-4691-AF10-EFC6F7C7C82F}.AppStore|ARM.Build.0 = Release|Any CPU
		{A3C42607-A511-4691-AF10-EFC6F7C7C82F}.AppStore|ARM.Deploy.0 = Release|Any CPU
		{A3C42607-A511-4691-AF10-EFC6F7C7C82F}.AppStore|iPhone.ActiveCfg = Release|Any CPU
		{A3C42607-A511-4691-AF10-EFC6F7C7C82F}.AppStore|iPhone.Build.0 = Release|Any CPU
		{A3C42607-A511-4691-AF10-EFC6F7C7C82F}.AppStore|iPhone.Deploy.0 = Release|Any CPU
		{A3C42607-A511-4691-AF10-EFC6F7C7C82F}.AppStore|iPhoneSimulator.ActiveCfg = Release|Any CPU
		{A3C42607-A511-4691-AF10-EFC6F7C7C82F}.AppStore|iPhoneSimulator.Build.0 = Release|Any CPU
		{A3C42607-A511-4691-AF10-EFC6F7C7C82F}.AppStore|iPhoneSimulator.Deploy.0 = Release|Any CPU
		{A3C42607-A511-4691-AF10-EFC6F7C7C82F}.AppStore|x64.ActiveCfg = Release|Any CPU
		{A3C42607-A511-4691-AF10-EFC6F7C7C82F}.AppStore|x64.Build.0 = Release|Any CPU
		{A3C42607-A511-4691-AF10-EFC6F7C7C82F}.AppStore|x64.Deploy.0 = Release|Any CPU
		{A3C42607-A511-4691-AF10-EFC6F7C7C82F}.AppStore|x86.ActiveCfg = Release|Any CPU
		{A3C42607-A511-4691-AF10-EFC6F7C7C82F}.AppStore|x86.Build.0 = Release|Any CPU
		{A3C42607-A511-4691-AF10-EFC6F7C7C82F}.AppStore|x86.Deploy.0 = Release|Any CPU
		{A3C42607-A511-4691-AF10-EFC6F7C7C82F}.Debug|Any CPU.ActiveCfg = Debug|Any CPU
		{A3C42607-A511-4691-AF10-EFC6F7C7C82F}.Debug|Any CPU.Build.0 = Debug|Any CPU
		{A3C42607-A511-4691-AF10-EFC6F7C7C82F}.Debug|Any CPU.Deploy.0 = Debug|Any CPU
		{A3C42607-A511-4691-AF10-EFC6F7C7C82F}.Debug|ARM.ActiveCfg = Debug|Any CPU
		{A3C42607-A511-4691-AF10-EFC6F7C7C82F}.Debug|ARM.Build.0 = Debug|Any CPU
		{A3C42607-A511-4691-AF10-EFC6F7C7C82F}.Debug|ARM.Deploy.0 = Debug|Any CPU
		{A3C42607-A511-4691-AF10-EFC6F7C7C82F}.Debug|iPhone.ActiveCfg = Debug|Any CPU
		{A3C42607-A511-4691-AF10-EFC6F7C7C82F}.Debug|iPhone.Build.0 = Debug|Any CPU
		{A3C42607-A511-4691-AF10-EFC6F7C7C82F}.Debug|iPhone.Deploy.0 = Debug|Any CPU
		{A3C42607-A511-4691-AF10-EFC6F7C7C82F}.Debug|iPhoneSimulator.ActiveCfg = Debug|Any CPU
		{A3C42607-A511-4691-AF10-EFC6F7C7C82F}.Debug|iPhoneSimulator.Build.0 = Debug|Any CPU
		{A3C42607-A511-4691-AF10-EFC6F7C7C82F}.Debug|iPhoneSimulator.Deploy.0 = Debug|Any CPU
		{A3C42607-A511-4691-AF10-EFC6F7C7C82F}.Debug|x64.ActiveCfg = Debug|Any CPU
		{A3C42607-A511-4691-AF10-EFC6F7C7C82F}.Debug|x64.Build.0 = Debug|Any CPU
		{A3C42607-A511-4691-AF10-EFC6F7C7C82F}.Debug|x64.Deploy.0 = Debug|Any CPU
		{A3C42607-A511-4691-AF10-EFC6F7C7C82F}.Debug|x86.ActiveCfg = Debug|Any CPU
		{A3C42607-A511-4691-AF10-EFC6F7C7C82F}.Debug|x86.Build.0 = Debug|Any CPU
		{A3C42607-A511-4691-AF10-EFC6F7C7C82F}.Debug|x86.Deploy.0 = Debug|Any CPU
		{A3C42607-A511-4691-AF10-EFC6F7C7C82F}.Release|Any CPU.ActiveCfg = Release|Any CPU
		{A3C42607-A511-4691-AF10-EFC6F7C7C82F}.Release|Any CPU.Build.0 = Release|Any CPU
		{A3C42607-A511-4691-AF10-EFC6F7C7C82F}.Release|Any CPU.Deploy.0 = Release|Any CPU
		{A3C42607-A511-4691-AF10-EFC6F7C7C82F}.Release|ARM.ActiveCfg = Release|Any CPU
		{A3C42607-A511-4691-AF10-EFC6F7C7C82F}.Release|ARM.Build.0 = Release|Any CPU
		{A3C42607-A511-4691-AF10-EFC6F7C7C82F}.Release|ARM.Deploy.0 = Release|Any CPU
		{A3C42607-A511-4691-AF10-EFC6F7C7C82F}.Release|iPhone.ActiveCfg = Release|Any CPU
		{A3C42607-A511-4691-AF10-EFC6F7C7C82F}.Release|iPhone.Build.0 = Release|Any CPU
		{A3C42607-A511-4691-AF10-EFC6F7C7C82F}.Release|iPhone.Deploy.0 = Release|Any CPU
		{A3C42607-A511-4691-AF10-EFC6F7C7C82F}.Release|iPhoneSimulator.ActiveCfg = Release|Any CPU
		{A3C42607-A511-4691-AF10-EFC6F7C7C82F}.Release|iPhoneSimulator.Build.0 = Release|Any CPU
		{A3C42607-A511-4691-AF10-EFC6F7C7C82F}.Release|iPhoneSimulator.Deploy.0 = Release|Any CPU
		{A3C42607-A511-4691-AF10-EFC6F7C7C82F}.Release|x64.ActiveCfg = Release|Any CPU
		{A3C42607-A511-4691-AF10-EFC6F7C7C82F}.Release|x64.Build.0 = Release|Any CPU
		{A3C42607-A511-4691-AF10-EFC6F7C7C82F}.Release|x64.Deploy.0 = Release|Any CPU
		{A3C42607-A511-4691-AF10-EFC6F7C7C82F}.Release|x86.ActiveCfg = Release|Any CPU
		{A3C42607-A511-4691-AF10-EFC6F7C7C82F}.Release|x86.Build.0 = Release|Any CPU
		{A3C42607-A511-4691-AF10-EFC6F7C7C82F}.Release|x86.Deploy.0 = Release|Any CPU
		{D94280C0-C214-4112-B912-E0F540ED6EA0}.Ad-Hoc|Any CPU.ActiveCfg = Release|Any CPU
		{D94280C0-C214-4112-B912-E0F540ED6EA0}.Ad-Hoc|Any CPU.Build.0 = Release|Any CPU
		{D94280C0-C214-4112-B912-E0F540ED6EA0}.Ad-Hoc|ARM.ActiveCfg = Release|Any CPU
		{D94280C0-C214-4112-B912-E0F540ED6EA0}.Ad-Hoc|ARM.Build.0 = Release|Any CPU
		{D94280C0-C214-4112-B912-E0F540ED6EA0}.Ad-Hoc|iPhone.ActiveCfg = Release|Any CPU
		{D94280C0-C214-4112-B912-E0F540ED6EA0}.Ad-Hoc|iPhone.Build.0 = Release|Any CPU
		{D94280C0-C214-4112-B912-E0F540ED6EA0}.Ad-Hoc|iPhoneSimulator.ActiveCfg = Release|Any CPU
		{D94280C0-C214-4112-B912-E0F540ED6EA0}.Ad-Hoc|iPhoneSimulator.Build.0 = Release|Any CPU
		{D94280C0-C214-4112-B912-E0F540ED6EA0}.Ad-Hoc|x64.ActiveCfg = Release|Any CPU
		{D94280C0-C214-4112-B912-E0F540ED6EA0}.Ad-Hoc|x64.Build.0 = Release|Any CPU
		{D94280C0-C214-4112-B912-E0F540ED6EA0}.Ad-Hoc|x86.ActiveCfg = Release|Any CPU
		{D94280C0-C214-4112-B912-E0F540ED6EA0}.Ad-Hoc|x86.Build.0 = Release|Any CPU
		{D94280C0-C214-4112-B912-E0F540ED6EA0}.AppStore|Any CPU.ActiveCfg = Release|Any CPU
		{D94280C0-C214-4112-B912-E0F540ED6EA0}.AppStore|Any CPU.Build.0 = Release|Any CPU
		{D94280C0-C214-4112-B912-E0F540ED6EA0}.AppStore|ARM.ActiveCfg = Release|Any CPU
		{D94280C0-C214-4112-B912-E0F540ED6EA0}.AppStore|ARM.Build.0 = Release|Any CPU
		{D94280C0-C214-4112-B912-E0F540ED6EA0}.AppStore|iPhone.ActiveCfg = Release|Any CPU
		{D94280C0-C214-4112-B912-E0F540ED6EA0}.AppStore|iPhone.Build.0 = Release|Any CPU
		{D94280C0-C214-4112-B912-E0F540ED6EA0}.AppStore|iPhoneSimulator.ActiveCfg = Release|Any CPU
		{D94280C0-C214-4112-B912-E0F540ED6EA0}.AppStore|iPhoneSimulator.Build.0 = Release|Any CPU
		{D94280C0-C214-4112-B912-E0F540ED6EA0}.AppStore|x64.ActiveCfg = Release|Any CPU
		{D94280C0-C214-4112-B912-E0F540ED6EA0}.AppStore|x64.Build.0 = Release|Any CPU
		{D94280C0-C214-4112-B912-E0F540ED6EA0}.AppStore|x86.ActiveCfg = Release|Any CPU
		{D94280C0-C214-4112-B912-E0F540ED6EA0}.AppStore|x86.Build.0 = Release|Any CPU
		{D94280C0-C214-4112-B912-E0F540ED6EA0}.Debug|Any CPU.ActiveCfg = Debug|Any CPU
		{D94280C0-C214-4112-B912-E0F540ED6EA0}.Debug|Any CPU.Build.0 = Debug|Any CPU
		{D94280C0-C214-4112-B912-E0F540ED6EA0}.Debug|ARM.ActiveCfg = Debug|Any CPU
		{D94280C0-C214-4112-B912-E0F540ED6EA0}.Debug|ARM.Build.0 = Debug|Any CPU
		{D94280C0-C214-4112-B912-E0F540ED6EA0}.Debug|iPhone.ActiveCfg = Debug|Any CPU
		{D94280C0-C214-4112-B912-E0F540ED6EA0}.Debug|iPhone.Build.0 = Debug|Any CPU
		{D94280C0-C214-4112-B912-E0F540ED6EA0}.Debug|iPhoneSimulator.ActiveCfg = Debug|Any CPU
		{D94280C0-C214-4112-B912-E0F540ED6EA0}.Debug|iPhoneSimulator.Build.0 = Debug|Any CPU
		{D94280C0-C214-4112-B912-E0F540ED6EA0}.Debug|x64.ActiveCfg = Debug|Any CPU
		{D94280C0-C214-4112-B912-E0F540ED6EA0}.Debug|x64.Build.0 = Debug|Any CPU
		{D94280C0-C214-4112-B912-E0F540ED6EA0}.Debug|x86.ActiveCfg = Debug|Any CPU
		{D94280C0-C214-4112-B912-E0F540ED6EA0}.Debug|x86.Build.0 = Debug|Any CPU
		{D94280C0-C214-4112-B912-E0F540ED6EA0}.Release|Any CPU.ActiveCfg = Release|Any CPU
		{D94280C0-C214-4112-B912-E0F540ED6EA0}.Release|Any CPU.Build.0 = Release|Any CPU
		{D94280C0-C214-4112-B912-E0F540ED6EA0}.Release|ARM.ActiveCfg = Release|Any CPU
		{D94280C0-C214-4112-B912-E0F540ED6EA0}.Release|ARM.Build.0 = Release|Any CPU
		{D94280C0-C214-4112-B912-E0F540ED6EA0}.Release|iPhone.ActiveCfg = Release|Any CPU
		{D94280C0-C214-4112-B912-E0F540ED6EA0}.Release|iPhone.Build.0 = Release|Any CPU
		{D94280C0-C214-4112-B912-E0F540ED6EA0}.Release|iPhoneSimulator.ActiveCfg = Release|Any CPU
		{D94280C0-C214-4112-B912-E0F540ED6EA0}.Release|iPhoneSimulator.Build.0 = Release|Any CPU
		{D94280C0-C214-4112-B912-E0F540ED6EA0}.Release|x64.ActiveCfg = Release|Any CPU
		{D94280C0-C214-4112-B912-E0F540ED6EA0}.Release|x64.Build.0 = Release|Any CPU
		{D94280C0-C214-4112-B912-E0F540ED6EA0}.Release|x86.ActiveCfg = Release|Any CPU
		{D94280C0-C214-4112-B912-E0F540ED6EA0}.Release|x86.Build.0 = Release|Any CPU
		{BEBB5D06-A7B0-45E9-847A-1DFB092F8FB2}.Ad-Hoc|Any CPU.ActiveCfg = Release|x86
		{BEBB5D06-A7B0-45E9-847A-1DFB092F8FB2}.Ad-Hoc|Any CPU.Build.0 = Release|x86
		{BEBB5D06-A7B0-45E9-847A-1DFB092F8FB2}.Ad-Hoc|Any CPU.Deploy.0 = Release|x86
		{BEBB5D06-A7B0-45E9-847A-1DFB092F8FB2}.Ad-Hoc|ARM.ActiveCfg = Release|ARM
		{BEBB5D06-A7B0-45E9-847A-1DFB092F8FB2}.Ad-Hoc|ARM.Build.0 = Release|ARM
		{BEBB5D06-A7B0-45E9-847A-1DFB092F8FB2}.Ad-Hoc|ARM.Deploy.0 = Release|ARM
		{BEBB5D06-A7B0-45E9-847A-1DFB092F8FB2}.Ad-Hoc|iPhone.ActiveCfg = Release|x86
		{BEBB5D06-A7B0-45E9-847A-1DFB092F8FB2}.Ad-Hoc|iPhone.Build.0 = Release|x86
		{BEBB5D06-A7B0-45E9-847A-1DFB092F8FB2}.Ad-Hoc|iPhone.Deploy.0 = Release|x86
		{BEBB5D06-A7B0-45E9-847A-1DFB092F8FB2}.Ad-Hoc|iPhoneSimulator.ActiveCfg = Release|x86
		{BEBB5D06-A7B0-45E9-847A-1DFB092F8FB2}.Ad-Hoc|iPhoneSimulator.Build.0 = Release|x86
		{BEBB5D06-A7B0-45E9-847A-1DFB092F8FB2}.Ad-Hoc|iPhoneSimulator.Deploy.0 = Release|x86
		{BEBB5D06-A7B0-45E9-847A-1DFB092F8FB2}.Ad-Hoc|x64.ActiveCfg = Release|x64
		{BEBB5D06-A7B0-45E9-847A-1DFB092F8FB2}.Ad-Hoc|x64.Build.0 = Release|x64
		{BEBB5D06-A7B0-45E9-847A-1DFB092F8FB2}.Ad-Hoc|x64.Deploy.0 = Release|x64
		{BEBB5D06-A7B0-45E9-847A-1DFB092F8FB2}.Ad-Hoc|x86.ActiveCfg = Release|x86
		{BEBB5D06-A7B0-45E9-847A-1DFB092F8FB2}.Ad-Hoc|x86.Build.0 = Release|x86
		{BEBB5D06-A7B0-45E9-847A-1DFB092F8FB2}.Ad-Hoc|x86.Deploy.0 = Release|x86
		{BEBB5D06-A7B0-45E9-847A-1DFB092F8FB2}.AppStore|Any CPU.ActiveCfg = Release|x86
		{BEBB5D06-A7B0-45E9-847A-1DFB092F8FB2}.AppStore|Any CPU.Build.0 = Release|x86
		{BEBB5D06-A7B0-45E9-847A-1DFB092F8FB2}.AppStore|Any CPU.Deploy.0 = Release|x86
		{BEBB5D06-A7B0-45E9-847A-1DFB092F8FB2}.AppStore|ARM.ActiveCfg = Release|ARM
		{BEBB5D06-A7B0-45E9-847A-1DFB092F8FB2}.AppStore|ARM.Build.0 = Release|ARM
		{BEBB5D06-A7B0-45E9-847A-1DFB092F8FB2}.AppStore|ARM.Deploy.0 = Release|ARM
		{BEBB5D06-A7B0-45E9-847A-1DFB092F8FB2}.AppStore|iPhone.ActiveCfg = Release|x86
		{BEBB5D06-A7B0-45E9-847A-1DFB092F8FB2}.AppStore|iPhone.Build.0 = Release|x86
		{BEBB5D06-A7B0-45E9-847A-1DFB092F8FB2}.AppStore|iPhone.Deploy.0 = Release|x86
		{BEBB5D06-A7B0-45E9-847A-1DFB092F8FB2}.AppStore|iPhoneSimulator.ActiveCfg = Release|x86
		{BEBB5D06-A7B0-45E9-847A-1DFB092F8FB2}.AppStore|iPhoneSimulator.Build.0 = Release|x86
		{BEBB5D06-A7B0-45E9-847A-1DFB092F8FB2}.AppStore|iPhoneSimulator.Deploy.0 = Release|x86
		{BEBB5D06-A7B0-45E9-847A-1DFB092F8FB2}.AppStore|x64.ActiveCfg = Release|x64
		{BEBB5D06-A7B0-45E9-847A-1DFB092F8FB2}.AppStore|x64.Build.0 = Release|x64
		{BEBB5D06-A7B0-45E9-847A-1DFB092F8FB2}.AppStore|x64.Deploy.0 = Release|x64
		{BEBB5D06-A7B0-45E9-847A-1DFB092F8FB2}.AppStore|x86.ActiveCfg = Release|x86
		{BEBB5D06-A7B0-45E9-847A-1DFB092F8FB2}.AppStore|x86.Build.0 = Release|x86
		{BEBB5D06-A7B0-45E9-847A-1DFB092F8FB2}.AppStore|x86.Deploy.0 = Release|x86
		{BEBB5D06-A7B0-45E9-847A-1DFB092F8FB2}.Debug|Any CPU.ActiveCfg = Debug|x86
		{BEBB5D06-A7B0-45E9-847A-1DFB092F8FB2}.Debug|ARM.ActiveCfg = Debug|ARM
		{BEBB5D06-A7B0-45E9-847A-1DFB092F8FB2}.Debug|ARM.Build.0 = Debug|ARM
		{BEBB5D06-A7B0-45E9-847A-1DFB092F8FB2}.Debug|ARM.Deploy.0 = Debug|ARM
		{BEBB5D06-A7B0-45E9-847A-1DFB092F8FB2}.Debug|iPhone.ActiveCfg = Debug|x86
		{BEBB5D06-A7B0-45E9-847A-1DFB092F8FB2}.Debug|iPhoneSimulator.ActiveCfg = Debug|x86
		{BEBB5D06-A7B0-45E9-847A-1DFB092F8FB2}.Debug|x64.ActiveCfg = Debug|x64
		{BEBB5D06-A7B0-45E9-847A-1DFB092F8FB2}.Debug|x64.Build.0 = Debug|x64
		{BEBB5D06-A7B0-45E9-847A-1DFB092F8FB2}.Debug|x64.Deploy.0 = Debug|x64
		{BEBB5D06-A7B0-45E9-847A-1DFB092F8FB2}.Debug|x86.ActiveCfg = Debug|x86
		{BEBB5D06-A7B0-45E9-847A-1DFB092F8FB2}.Debug|x86.Build.0 = Debug|x86
		{BEBB5D06-A7B0-45E9-847A-1DFB092F8FB2}.Debug|x86.Deploy.0 = Debug|x86
		{BEBB5D06-A7B0-45E9-847A-1DFB092F8FB2}.Release|Any CPU.ActiveCfg = Release|x86
		{BEBB5D06-A7B0-45E9-847A-1DFB092F8FB2}.Release|ARM.ActiveCfg = Release|ARM
		{BEBB5D06-A7B0-45E9-847A-1DFB092F8FB2}.Release|ARM.Build.0 = Release|ARM
		{BEBB5D06-A7B0-45E9-847A-1DFB092F8FB2}.Release|ARM.Deploy.0 = Release|ARM
		{BEBB5D06-A7B0-45E9-847A-1DFB092F8FB2}.Release|iPhone.ActiveCfg = Release|x86
		{BEBB5D06-A7B0-45E9-847A-1DFB092F8FB2}.Release|iPhoneSimulator.ActiveCfg = Release|x86
		{BEBB5D06-A7B0-45E9-847A-1DFB092F8FB2}.Release|x64.ActiveCfg = Release|x64
		{BEBB5D06-A7B0-45E9-847A-1DFB092F8FB2}.Release|x64.Build.0 = Release|x64
		{BEBB5D06-A7B0-45E9-847A-1DFB092F8FB2}.Release|x64.Deploy.0 = Release|x64
		{BEBB5D06-A7B0-45E9-847A-1DFB092F8FB2}.Release|x86.ActiveCfg = Release|x86
		{BEBB5D06-A7B0-45E9-847A-1DFB092F8FB2}.Release|x86.Build.0 = Release|x86
		{BEBB5D06-A7B0-45E9-847A-1DFB092F8FB2}.Release|x86.Deploy.0 = Release|x86
		{3CE559FF-4F9C-47A7-A9F0-CFE1AC8B3E0E}.Ad-Hoc|Any CPU.ActiveCfg = Ad-Hoc|iPhone
		{3CE559FF-4F9C-47A7-A9F0-CFE1AC8B3E0E}.Ad-Hoc|ARM.ActiveCfg = Ad-Hoc|iPhone
		{3CE559FF-4F9C-47A7-A9F0-CFE1AC8B3E0E}.Ad-Hoc|iPhone.ActiveCfg = Ad-Hoc|iPhone
		{3CE559FF-4F9C-47A7-A9F0-CFE1AC8B3E0E}.Ad-Hoc|iPhone.Build.0 = Ad-Hoc|iPhone
		{3CE559FF-4F9C-47A7-A9F0-CFE1AC8B3E0E}.Ad-Hoc|iPhoneSimulator.ActiveCfg = Ad-Hoc|iPhoneSimulator
		{3CE559FF-4F9C-47A7-A9F0-CFE1AC8B3E0E}.Ad-Hoc|iPhoneSimulator.Build.0 = Ad-Hoc|iPhoneSimulator
		{3CE559FF-4F9C-47A7-A9F0-CFE1AC8B3E0E}.Ad-Hoc|x64.ActiveCfg = Ad-Hoc|iPhone
		{3CE559FF-4F9C-47A7-A9F0-CFE1AC8B3E0E}.Ad-Hoc|x86.ActiveCfg = Ad-Hoc|iPhone
		{3CE559FF-4F9C-47A7-A9F0-CFE1AC8B3E0E}.AppStore|Any CPU.ActiveCfg = AppStore|iPhone
		{3CE559FF-4F9C-47A7-A9F0-CFE1AC8B3E0E}.AppStore|ARM.ActiveCfg = AppStore|iPhone
		{3CE559FF-4F9C-47A7-A9F0-CFE1AC8B3E0E}.AppStore|iPhone.ActiveCfg = AppStore|iPhone
		{3CE559FF-4F9C-47A7-A9F0-CFE1AC8B3E0E}.AppStore|iPhone.Build.0 = AppStore|iPhone
		{3CE559FF-4F9C-47A7-A9F0-CFE1AC8B3E0E}.AppStore|iPhoneSimulator.ActiveCfg = AppStore|iPhoneSimulator
		{3CE559FF-4F9C-47A7-A9F0-CFE1AC8B3E0E}.AppStore|iPhoneSimulator.Build.0 = AppStore|iPhoneSimulator
		{3CE559FF-4F9C-47A7-A9F0-CFE1AC8B3E0E}.AppStore|x64.ActiveCfg = AppStore|iPhone
		{3CE559FF-4F9C-47A7-A9F0-CFE1AC8B3E0E}.AppStore|x86.ActiveCfg = AppStore|iPhone
		{3CE559FF-4F9C-47A7-A9F0-CFE1AC8B3E0E}.Debug|Any CPU.ActiveCfg = Debug|iPhone
		{3CE559FF-4F9C-47A7-A9F0-CFE1AC8B3E0E}.Debug|ARM.ActiveCfg = Debug|iPhone
		{3CE559FF-4F9C-47A7-A9F0-CFE1AC8B3E0E}.Debug|iPhone.ActiveCfg = Debug|iPhone
		{3CE559FF-4F9C-47A7-A9F0-CFE1AC8B3E0E}.Debug|iPhone.Build.0 = Debug|iPhone
		{3CE559FF-4F9C-47A7-A9F0-CFE1AC8B3E0E}.Debug|iPhoneSimulator.ActiveCfg = Debug|iPhoneSimulator
		{3CE559FF-4F9C-47A7-A9F0-CFE1AC8B3E0E}.Debug|iPhoneSimulator.Build.0 = Debug|iPhoneSimulator
		{3CE559FF-4F9C-47A7-A9F0-CFE1AC8B3E0E}.Debug|x64.ActiveCfg = Debug|iPhone
		{3CE559FF-4F9C-47A7-A9F0-CFE1AC8B3E0E}.Debug|x86.ActiveCfg = Debug|iPhone
		{3CE559FF-4F9C-47A7-A9F0-CFE1AC8B3E0E}.Release|Any CPU.ActiveCfg = Release|iPhone
		{3CE559FF-4F9C-47A7-A9F0-CFE1AC8B3E0E}.Release|ARM.ActiveCfg = Release|iPhone
		{3CE559FF-4F9C-47A7-A9F0-CFE1AC8B3E0E}.Release|iPhone.ActiveCfg = Release|iPhone
		{3CE559FF-4F9C-47A7-A9F0-CFE1AC8B3E0E}.Release|iPhone.Build.0 = Release|iPhone
		{3CE559FF-4F9C-47A7-A9F0-CFE1AC8B3E0E}.Release|iPhoneSimulator.ActiveCfg = Release|iPhoneSimulator
		{3CE559FF-4F9C-47A7-A9F0-CFE1AC8B3E0E}.Release|iPhoneSimulator.Build.0 = Release|iPhoneSimulator
		{3CE559FF-4F9C-47A7-A9F0-CFE1AC8B3E0E}.Release|x64.ActiveCfg = Release|iPhone
		{3CE559FF-4F9C-47A7-A9F0-CFE1AC8B3E0E}.Release|x86.ActiveCfg = Release|iPhone
	EndGlobalSection
	GlobalSection(SolutionProperties) = preSolution
		HideSolutionNode = FALSE
	EndGlobalSection
EndGlobal
